{
  "name": "ai-gent-workflow",
  "version": "6.2.3",
  "lockfileVersion": 3,
  "requires": true,
  "packages": {
    "": {
      "name": "ai-gent-workflow",
      "version": "6.2.3",
      "license": "MIT",
      "dependencies": {
        "degit": "^2.8.4"
      },
      "bin": {
        "ai-workflow-init": "cli.js"
      }
    },
    "node_modules/degit": {
      "version": "2.8.4",
      "resolved": "https://registry.npmjs.org/degit/-/degit-2.8.4.tgz",
      "integrity": "sha512-vqYuzmSA5I50J882jd+AbAhQtgK6bdKUJIex1JNfEUPENCgYsxugzKVZlFyMwV4i06MmnV47/Iqi5Io86zf3Ng==",
      "license": "MIT",
      "bin": {
        "degit": "degit"
      },
      "engines": {
        "node": ">=8.0.0"
      }
    }
  }
}
